// !$*UTF8*$!
{
	archiveVersion = 1;
	classes = {
	};
	objectVersion = 46;
	objects = {

/* Begin PBXBuildFile section */
		BD0211F8169E576D0025DE9F /* UIKit.framework in Frameworks */ = {isa = PBXBuildFile; fileRef = BD0211F7169E576D0025DE9F /* UIKit.framework */; };
		BD0211FA169E576D0025DE9F /* Foundation.framework in Frameworks */ = {isa = PBXBuildFile; fileRef = BD0211F9169E576D0025DE9F /* Foundation.framework */; };
		BD0211FC169E576D0025DE9F /* CoreGraphics.framework in Frameworks */ = {isa = PBXBuildFile; fileRef = BD0211FB169E576D0025DE9F /* CoreGraphics.framework */; };
		BD021202169E576D0025DE9F /* InfoPlist.strings in Resources */ = {isa = PBXBuildFile; fileRef = BD021200169E576D0025DE9F /* InfoPlist.strings */; };
		BD021204169E576D0025DE9F /* main.m in Sources */ = {isa = PBXBuildFile; fileRef = BD021203169E576D0025DE9F /* main.m */; };
		BD021208169E576D0025DE9F /* AppDelegate.m in Sources */ = {isa = PBXBuildFile; fileRef = BD021207169E576D0025DE9F /* AppDelegate.m */; };
		BD02120A169E576D0025DE9F /* Default.png in Resources */ = {isa = PBXBuildFile; fileRef = BD021209169E576D0025DE9F /* Default.png */; };
		BD02120C169E576D0025DE9F /* Default@2x.png in Resources */ = {isa = PBXBuildFile; fileRef = BD02120B169E576D0025DE9F /* Default@2x.png */; };
		BD02120E169E576D0025DE9F /* Default-568h@2x.png in Resources */ = {isa = PBXBuildFile; fileRef = BD02120D169E576D0025DE9F /* Default-568h@2x.png */; };
		BD021211169E576D0025DE9F /* MainStoryboard_iPhone.storyboard in Resources */ = {isa = PBXBuildFile; fileRef = BD02120F169E576D0025DE9F /* MainStoryboard_iPhone.storyboard */; };
		BD021214169E576D0025DE9F /* MainStoryboard_iPad.storyboard in Resources */ = {isa = PBXBuildFile; fileRef = BD021212169E576D0025DE9F /* MainStoryboard_iPad.storyboard */; };
		BD021217169E576D0025DE9F /* ViewController.m in Sources */ = {isa = PBXBuildFile; fileRef = BD021216169E576D0025DE9F /* ViewController.m */; };
		BD02121F169E576D0025DE9F /* SenTestingKit.framework in Frameworks */ = {isa = PBXBuildFile; fileRef = BD02121E169E576D0025DE9F /* SenTestingKit.framework */; };
		BD021220169E576D0025DE9F /* UIKit.framework in Frameworks */ = {isa = PBXBuildFile; fileRef = BD0211F7169E576D0025DE9F /* UIKit.framework */; };
		BD021221169E576D0025DE9F /* Foundation.framework in Frameworks */ = {isa = PBXBuildFile; fileRef = BD0211F9169E576D0025DE9F /* Foundation.framework */; };
		BD021229169E576D0025DE9F /* InfoPlist.strings in Resources */ = {isa = PBXBuildFile; fileRef = BD021227169E576D0025DE9F /* InfoPlist.strings */; };
		BD02122C169E576D0025DE9F /* Button_FunTests.m in Sources */ = {isa = PBXBuildFile; fileRef = BD02122B169E576D0025DE9F /* Button_FunTests.m */; };
/* End PBXBuildFile section */

/* Begin PBXContainerItemProxy section */
		BD021222169E576D0025DE9F /* PBXContainerItemProxy */ = {
			isa = PBXContainerItemProxy;
			containerPortal = BD0211EA169E576D0025DE9F /* Project object */;
			proxyType = 1;
			remoteGlobalIDString = BD0211F2169E576D0025DE9F;
			remoteInfo = "Button Fun";
		};
/* End PBXContainerItemProxy section */

/* Begin PBXFileReference section */
		BD0211F3169E576D0025DE9F /* Button Fun.app */ = {isa = PBXFileReference; explicitFileType = wrapper.application; includeInIndex = 0; path = "Button Fun.app"; sourceTree = BUILT_PRODUCTS_DIR; };
		BD0211F7169E576D0025DE9F /* UIKit.framework */ = {isa = PBXFileReference; lastKnownFileType = wrapper.framework; name = UIKit.framework; path = System/Library/Frameworks/UIKit.framework; sourceTree = SDKROOT; };
		BD0211F9169E576D0025DE9F /* Foundation.framework */ = {isa = PBXFileReference; lastKnownFileType = wrapper.framework; name = Foundation.framework; path = System/Library/Frameworks/Foundation.framework; sourceTree = SDKROOT; };
		BD0211FB169E576D0025DE9F /* CoreGraphics.framework */ = {isa = PBXFileReference; lastKnownFileType = wrapper.framework; name = CoreGraphics.framework; path = System/Library/Frameworks/CoreGraphics.framework; sourceTree = SDKROOT; };
		BD0211FF169E576D0025DE9F /* Button Fun-Info.plist */ = {isa = PBXFileReference; lastKnownFileType = text.plist.xml; path = "Button Fun-Info.plist"; sourceTree = "<group>"; };
		BD021201169E576D0025DE9F /* en */ = {isa = PBXFileReference; lastKnownFileType = text.plist.strings; name = en; path = en.lproj/InfoPlist.strings; sourceTree = "<group>"; };
		BD021203169E576D0025DE9F /* main.m */ = {isa = PBXFileReference; lastKnownFileType = sourcecode.c.objc; path = main.m; sourceTree = "<group>"; };
		BD021205169E576D0025DE9F /* Button Fun-Prefix.pch */ = {isa = PBXFileReference; lastKnownFileType = sourcecode.c.h; path = "Button Fun-Prefix.pch"; sourceTree = "<group>"; };
		BD021206169E576D0025DE9F /* AppDelegate.h */ = {isa = PBXFileReference; lastKnownFileType = sourcecode.c.h; path = AppDelegate.h; sourceTree = "<group>"; };
		BD021207169E576D0025DE9F /* AppDelegate.m */ = {isa = PBXFileReference; lastKnownFileType = sourcecode.c.objc; path = AppDelegate.m; sourceTree = "<group>"; };
		BD021209169E576D0025DE9F /* Default.png */ = {isa = PBXFileReference; lastKnownFileType = image.png; path = Default.png; sourceTree = "<group>"; };
		BD02120B169E576D0025DE9F /* Default@2x.png */ = {isa = PBXFileReference; lastKnownFileType = image.png; path = "Default@2x.png"; sourceTree = "<group>"; };
		BD02120D169E576D0025DE9F /* Default-568h@2x.png */ = {isa = PBXFileReference; lastKnownFileType = image.png; path = "Default-568h@2x.png"; sourceTree = "<group>"; };
		BD021210169E576D0025DE9F /* en */ = {isa = PBXFileReference; lastKnownFileType = file.storyboard; name = en; path = en.lproj/MainStoryboard_iPhone.storyboard; sourceTree = "<group>"; };
		BD021213169E576D0025DE9F /* en */ = {isa = PBXFileReference; lastKnownFileType = file.storyboard; name = en; path = en.lproj/MainStoryboard_iPad.storyboard; sourceTree = "<group>"; };
		BD021215169E576D0025DE9F /* ViewController.h */ = {isa = PBXFileReference; lastKnownFileType = sourcecode.c.h; path = ViewController.h; sourceTree = "<group>"; };
		BD021216169E576D0025DE9F /* ViewController.m */ = {isa = PBXFileReference; lastKnownFileType = sourcecode.c.objc; path = ViewController.m; sourceTree = "<group>"; };
		BD02121D169E576D0025DE9F /* Button FunTests.octest */ = {isa = PBXFileReference; explicitFileType = wrapper.cfbundle; includeInIndex = 0; path = "Button FunTests.octest"; sourceTree = BUILT_PRODUCTS_DIR; };
		BD02121E169E576D0025DE9F /* SenTestingKit.framework */ = {isa = PBXFileReference; lastKnownFileType = wrapper.framework; name = SenTestingKit.framework; path = Library/Frameworks/SenTestingKit.framework; sourceTree = DEVELOPER_DIR; };
		BD021226169E576D0025DE9F /* Button FunTests-Info.plist */ = {isa = PBXFileReference; lastKnownFileType = text.plist.xml; path = "Button FunTests-Info.plist"; sourceTree = "<group>"; };
		BD021228169E576D0025DE9F /* en */ = {isa = PBXFileReference; lastKnownFileType = text.plist.strings; name = en; path = en.lproj/InfoPlist.strings; sourceTree = "<group>"; };
		BD02122A169E576D0025DE9F /* Button_FunTests.h */ = {isa = PBXFileReference; lastKnownFileType = sourcecode.c.h; path = Button_FunTests.h; sourceTree = "<group>"; };
		BD02122B169E576D0025DE9F /* Button_FunTests.m */ = {isa = PBXFileReference; lastKnownFileType = sourcecode.c.objc; path = Button_FunTests.m; sourceTree = "<group>"; };
/* End PBXFileReference section */

/* Begin PBXFrameworksBuildPhase section */
		BD0211F0169E576D0025DE9F /* Frameworks */ = {
			isa = PBXFrameworksBuildPhase;
			buildActionMask = 2147483647;
			files = (
				BD0211F8169E576D0025DE9F /* UIKit.framework in Frameworks */,
				BD0211FA169E576D0025DE9F /* Foundation.framework in Frameworks */,
				BD0211FC169E576D0025DE9F /* CoreGraphics.framework in Frameworks */,
			);
			runOnlyForDeploymentPostprocessing = 0;
		};
		BD021219169E576D0025DE9F /* Frameworks */ = {
			isa = PBXFrameworksBuildPhase;
			buildActionMask = 2147483647;
			files = (
				BD02121F169E576D0025DE9F /* SenTestingKit.framework in Frameworks */,
				BD021220169E576D0025DE9F /* UIKit.framework in Frameworks */,
				BD021221169E576D0025DE9F /* Foundation.framework in Frameworks */,
			);
			runOnlyForDeploymentPostprocessing = 0;
		};
/* End PBXFrameworksBuildPhase section */

/* Begin PBXGroup section */
		BD0211E8169E576D0025DE9F = {
			isa = PBXGroup;
			children = (
				BD0211FD169E576D0025DE9F /* Button Fun */,
				BD021224169E576D0025DE9F /* Button FunTests */,
				BD0211F6169E576D0025DE9F /* Frameworks */,
				BD0211F4169E576D0025DE9F /* Products */,
			);
			sourceTree = "<group>";
		};
		BD0211F4169E576D0025DE9F /* Products */ = {
			isa = PBXGroup;
			children = (
				BD0211F3169E576D0025DE9F /* Button Fun.app */,
				BD02121D169E576D0025DE9F /* Button FunTests.octest */,
			);
			name = Products;
			sourceTree = "<group>";
		};
		BD0211F6169E576D0025DE9F /* Frameworks */ = {
			isa = PBXGroup;
			children = (
				BD0211F7169E576D0025DE9F /* UIKit.framework */,
				BD0211F9169E576D0025DE9F /* Foundation.framework */,
				BD0211FB169E576D0025DE9F /* CoreGraphics.framework */,
				BD02121E169E576D0025DE9F /* SenTestingKit.framework */,
			);
			name = Frameworks;
			sourceTree = "<group>";
		};
		BD0211FD169E576D0025DE9F /* Button Fun */ = {
			isa = PBXGroup;
			children = (
				BD021206169E576D0025DE9F /* AppDelegate.h */,
				BD021207169E576D0025DE9F /* AppDelegate.m */,
				BD02120F169E576D0025DE9F /* MainStoryboard_iPhone.storyboard */,
				BD021212169E576D0025DE9F /* MainStoryboard_iPad.storyboard */,
				BD021215169E576D0025DE9F /* ViewController.h */,
				BD021216169E576D0025DE9F /* ViewController.m */,
				BD0211FE169E576D0025DE9F /* Supporting Files */,
			);
			path = "Button Fun";
			sourceTree = "<group>";
		};
		BD0211FE169E576D0025DE9F /* Supporting Files */ = {
			isa = PBXGroup;
			children = (
				BD0211FF169E576D0025DE9F /* Button Fun-Info.plist */,
				BD021200169E576D0025DE9F /* InfoPlist.strings */,
				BD021203169E576D0025DE9F /* main.m */,
				BD021205169E576D0025DE9F /* Button Fun-Prefix.pch */,
				BD021209169E576D0025DE9F /* Default.png */,
				BD02120B169E576D0025DE9F /* Default@2x.png */,
				BD02120D169E576D0025DE9F /* Default-568h@2x.png */,
			);
			name = "Supporting Files";
			sourceTree = "<group>";
		};
		BD021224169E576D0025DE9F /* Button FunTests */ = {
			isa = PBXGroup;
			children = (
				BD02122A169E576D0025DE9F /* Button_FunTests.h */,
				BD02122B169E576D0025DE9F /* Button_FunTests.m */,
				BD021225169E576D0025DE9F /* Supporting Files */,
			);
			path = "Button FunTests";
			sourceTree = "<group>";
		};
		BD021225169E576D0025DE9F /* Supporting Files */ = {
			isa = PBXGroup;
			children = (
				BD021226169E576D0025DE9F /* Button FunTests-Info.plist */,
				BD021227169E576D0025DE9F /* InfoPlist.strings */,
			);
			name = "Supporting Files";
			sourceTree = "<group>";
		};
/* End PBXGroup section */

/* Begin PBXNativeTarget section */
		BD0211F2169E576D0025DE9F /* Button Fun */ = {
			isa = PBXNativeTarget;
			buildConfigurationList = BD02122F169E576D0025DE9F /* Build configuration list for PBXNativeTarget "Button Fun" */;
			buildPhases = (
				BD0211EF169E576D0025DE9F /* Sources */,
				BD0211F0169E576D0025DE9F /* Frameworks */,
				BD0211F1169E576D0025DE9F /* Resources */,
			);
			buildRules = (
			);
			dependencies = (
			);
			name = "Button Fun";
			productName = "Button Fun";
			productReference = BD0211F3169E576D0025DE9F /* Button Fun.app */;
			productType = "com.apple.product-type.application";
		};
		BD02121C169E576D0025DE9F /* Button FunTests */ = {
			isa = PBXNativeTarget;
			buildConfigurationList = BD021232169E576D0025DE9F /* Build configuration list for PBXNativeTarget "Button FunTests" */;
			buildPhases = (
				BD021218169E576D0025DE9F /* Sources */,
				BD021219169E576D0025DE9F /* Frameworks */,
				BD02121A169E576D0025DE9F /* Resources */,
				BD02121B169E576D0025DE9F /* ShellScript */,
			);
			buildRules = (
			);
			dependencies = (
				BD021223169E576D0025DE9F /* PBXTargetDependency */,
			);
			name = "Button FunTests";
			productName = "Button FunTests";
			productReference = BD02121D169E576D0025DE9F /* Button FunTests.octest */;
			productType = "com.apple.product-type.bundle";
		};
/* End PBXNativeTarget section */

/* Begin PBXProject section */
		BD0211EA169E576D0025DE9F /* Project object */ = {
			isa = PBXProject;
			attributes = {
				LastUpgradeCheck = 0450;
				ORGANIZATIONNAME = "Anh Nguyen";
			};
			buildConfigurationList = BD0211ED169E576D0025DE9F /* Build configuration list for PBXProject "Button Fun" */;
			compatibilityVersion = "Xcode 3.2";
			developmentRegion = English;
			hasScannedForEncodings = 0;
			knownRegions = (
				en,
			);
			mainGroup = BD0211E8169E576D0025DE9F;
			productRefGroup = BD0211F4169E576D0025DE9F /* Products */;
			projectDirPath = "";
			projectRoot = "";
			targets = (
				BD0211F2169E576D0025DE9F /* Button Fun */,
				BD02121C169E576D0025DE9F /* Button FunTests */,
			);
		};
/* End PBXProject section */

/* Begin PBXResourcesBuildPhase section */
		BD0211F1169E576D0025DE9F /* Resources */ = {
			isa = PBXResourcesBuildPhase;
			buildActionMask = 2147483647;
			files = (
				BD021202169E576D0025DE9F /* InfoPlist.strings in Resources */,
				BD02120A169E576D0025DE9F /* Default.png in Resources */,
				BD02120C169E576D0025DE9F /* Default@2x.png in Resources */,
				BD02120E169E576D0025DE9F /* Default-568h@2x.png in Resources */,
				BD021211169E576D0025DE9F /* MainStoryboard_iPhone.storyboard in Resources */,
				BD021214169E576D0025DE9F /* MainStoryboard_iPad.storyboard in Resources */,
			);
			runOnlyForDeploymentPostprocessing = 0;
		};
		BD02121A169E576D0025DE9F /* Resources */ = {
			isa = PBXResourcesBuildPhase;
			buildActionMask = 2147483647;
			files = (
				BD021229169E576D0025DE9F /* InfoPlist.strings in Resources */,
			);
			runOnlyForDeploymentPostprocessing = 0;
		};
/* End PBXResourcesBuildPhase section */

/* Begin PBXShellScriptBuildPhase section */
		BD02121B169E576D0025DE9F /* ShellScript */ = {
			isa = PBXShellScriptBuildPhase;
			buildActionMask = 2147483647;
			files = (
			);
			inputPaths = (
			);
			outputPaths = (
			);
			runOnlyForDeploymentPostprocessing = 0;
			shellPath = /bin/sh;
			shellScript = "# Run the unit tests in this test bundle.\n\"${SYSTEM_DEVELOPER_DIR}/Tools/RunUnitTests\"\n";
		};
/* End PBXShellScriptBuildPhase section */

/* Begin PBXSourcesBuildPhase section */
		BD0211EF169E576D0025DE9F /* Sources */ = {
			isa = PBXSourcesBuildPhase;
			buildActionMask = 2147483647;
			files = (
				BD021204169E576D0025DE9F /* main.m in Sources */,
				BD021208169E576D0025DE9F /* AppDelegate.m in Sources */,
				BD021217169E576D0025DE9F /* ViewController.m in Sources */,
			);
			runOnlyForDeploymentPostprocessing = 0;
		};
		BD021218169E576D0025DE9F /* Sources */ = {
			isa = PBXSourcesBuildPhase;
			buildActionMask = 2147483647;
			files = (
				BD02122C169E576D0025DE9F /* Button_FunTests.m in Sources */,
			);
			runOnlyForDeploymentPostprocessing = 0;
		};
/* End PBXSourcesBuildPhase section */

/* Begin PBXTargetDependency section */
		BD021223169E576D0025DE9F /* PBXTargetDependency */ = {
			isa = PBXTargetDependency;
			target = BD0211F2169E576D0025DE9F /* Button Fun */;
			targetProxy = BD021222169E576D0025DE9F /* PBXContainerItemProxy */;
		};
/* End PBXTargetDependency section */

/* Begin PBXVariantGroup section */
		BD021200169E576D0025DE9F /* InfoPlist.strings */ = {
			isa = PBXVariantGroup;
			children = (
				BD021201169E576D0025DE9F /* en */,
			);
			name = InfoPlist.strings;
			sourceTree = "<group>";
		};
		BD02120F169E576D0025DE9F /* MainStoryboard_iPhone.storyboard */ = {
			isa = PBXVariantGroup;
			children = (
				BD021210169E576D0025DE9F /* en */,
			);
			name = MainStoryboard_iPhone.storyboard;
			sourceTree = "<group>";
		};
		BD021212169E576D0025DE9F /* MainStoryboard_iPad.storyboard */ = {
			isa = PBXVariantGroup;
			children = (
				BD021213169E576D0025DE9F /* en */,
			);
			name = MainStoryboard_iPad.storyboard;
			sourceTree = "<group>";
		};
		BD021227169E576D0025DE9F /* InfoPlist.strings */ = {
			isa = PBXVariantGroup;
			children = (
				BD021228169E576D0025DE9F /* en */,
			);
			name = InfoPlist.strings;
			sourceTree = "<group>";
		};
/* End PBXVariantGroup section */

/* Begin XCBuildConfiguration section */
		BD02122D169E576D0025DE9F /* Debug */ = {
			isa = XCBuildConfiguration;
			buildSettings = {
				ALWAYS_SEARCH_USER_PATHS = NO;
				CLANG_CXX_LANGUAGE_STANDARD = "gnu++0x";
				CLANG_CXX_LIBRARY = "libc++";
				CLANG_ENABLE_OBJC_ARC = YES;
				CLANG_WARN_EMPTY_BODY = YES;
				CLANG_WARN__DUPLICATE_METHOD_MATCH = YES;
				"CODE_SIGN_IDENTITY[sdk=iphoneos*]" = "iPhone Developer";
				COPY_PHASE_STRIP = NO;
				GCC_C_LANGUAGE_STANDARD = gnu99;
				GCC_DYNAMIC_NO_PIC = NO;
				GCC_OPTIMIZATION_LEVEL = 0;
				GCC_PREPROCESSOR_DEFINITIONS = (
					"DEBUG=1",
					"$(inherited)",
				);
				GCC_SYMBOLS_PRIVATE_EXTERN = NO;
				GCC_WARN_ABOUT_RETURN_TYPE = YES;
				GCC_WARN_UNINITIALIZED_AUTOS = YES;
				GCC_WARN_UNUSED_VARIABLE = YES;
				IPHONEOS_DEPLOYMENT_TARGET = 6.0;
				ONLY_ACTIVE_ARCH = YES;
				SDKROOT = iphoneos;
				TARGETED_DEVICE_FAMILY = "1,2";
			};
			name = Debug;
		};
		BD02122E169E576D0025DE9F /* Release */ = {
			isa = XCBuildConfiguration;
			buildSettings = {
				ALWAYS_SEARCH_USER_PATHS = NO;
				CLANG_CXX_LANGUAGE_STANDARD = "gnu++0x";
				CLANG_CXX_LIBRARY = "libc++";
				CLANG_ENABLE_OBJC_ARC = YES;
				CLANG_WARN_EMPTY_BODY = YES;
				CLANG_WARN__DUPLICATE_METHOD_MATCH = YES;
				"CODE_SIGN_IDENTITY[sdk=iphoneos*]" = "iPhone Developer";
				COPY_PHASE_STRIP = YES;
				GCC_C_LANGUAGE_STANDARD = gnu99;
				GCC_WARN_ABOUT_RETURN_TYPE = YES;
				GCC_WARN_UNINITIALIZED_AUTOS = YES;
				GCC_WARN_UNUSED_VARIABLE = YES;
				IPHONEOS_DEPLOYMENT_TARGET = 6.0;
				OTHER_CFLAGS = "-DNS_BLOCK_ASSERTIONS=1";
				SDKROOT = iphoneos;
				TARGETED_DEVICE_FAMILY = "1,2";
				VALIDATE_PRODUCT = YES;
			};
			name = Release;
		};
		BD021230169E576D0025DE9F /* Debug */ = {
			isa = XCBuildConfiguration;
			buildSettings = {
				GCC_PRECOMPILE_PREFIX_HEADER = YES;
				GCC_PREFIX_HEADER = "Button Fun/Button Fun-Prefix.pch";
				INFOPLIST_FILE = "Button Fun/Button Fun-Info.plist";
				PRODUCT_NAME = "$(TARGET_NAME)";
				WRAPPER_EXTENSION = app;
			};
			name = Debug;
		};
		BD021231169E576D0025DE9F /* Release */ = {
			isa = XCBuildConfiguration;
			buildSettings = {
				GCC_PRECOMPILE_PREFIX_HEADER = YES;
				GCC_PREFIX_HEADER = "Button Fun/Button Fun-Prefix.pch";
				INFOPLIST_FILE = "Button Fun/Button Fun-Info.plist";
				PRODUCT_NAME = "$(TARGET_NAME)";
				WRAPPER_EXTENSION = app;
			};
			name = Release;
		};
		BD021233169E576D0025DE9F /* Debug */ = {
			isa = XCBuildConfiguration;
			buildSettings = {
				BUNDLE_LOADER = "$(BUILT_PRODUCTS_DIR)/Button Fun.app/Button Fun";
				FRAMEWORK_SEARCH_PATHS = (
					"\"$(SDKROOT)/Developer/Library/Frameworks\"",
					"\"$(DEVELOPER_LIBRARY_DIR)/Frameworks\"",
				);
				GCC_PRECOMPILE_PREFIX_HEADER = YES;
				GCC_PREFIX_HEADER = "Button Fun/Button Fun-Prefix.pch";
				INFOPLIST_FILE = "Button FunTests/Button FunTests-Info.plist";
				PRODUCT_NAME = "$(TARGET_NAME)";
				TEST_HOST = "$(BUNDLE_LOADER)";
				WRAPPER_EXTENSION = octest;
			};
			name = Debug;
		};
		BD021234169E576D0025DE9F /* Release */ = {
			isa = XCBuildConfiguration;
			buildSettings = {
				BUNDLE_LOADER = "$(BUILT_PRODUCTS_DIR)/Button Fun.app/Button Fun";
				FRAMEWORK_SEARCH_PATHS = (
					"\"$(SDKROOT)/Developer/Library/Frameworks\"",
					"\"$(DEVELOPER_LIBRARY_DIR)/Frameworks\"",
				);
				GCC_PRECOMPILE_PREFIX_HEADER = YES;
				GCC_PREFIX_HEADER = "Button Fun/Button Fun-Prefix.pch";
				INFOPLIST_FILE = "Button FunTests/Button FunTests-Info.plist";
				PRODUCT_NAME = "$(TARGET_NAME)";
				TEST_HOST = "$(BUNDLE_LOADER)";
				WRAPPER_EXTENSION = octest;
			};
			name = Release;
		};
/* End XCBuildConfiguration section */

/* Begin XCConfigurationList section */
		BD0211ED169E576D0025DE9F /* Build configuration list for PBXProject "Button Fun" */ = {
			isa = XCConfigurationList;
			buildConfigurations = (
				BD02122D169E576D0025DE9F /* Debug */,
				BD02122E169E576D0025DE9F /* Release */,
			);
			defaultConfigurationIsVisible = 0;
			defaultConfigurationName = Release;
		};
		BD02122F169E576D0025DE9F /* Build configuration list for PBXNativeTarget "Button Fun" */ = {
			isa = XCConfigurationList;
			buildConfigurations = (
				BD021230169E576D0025DE9F /* Debug */,
				BD021231169E576D0025DE9F /* Release */,
			);
			defaultConfigurationIsVisible = 0;
		};
		BD021232169E576D0025DE9F /* Build configuration list for PBXNativeTarget "Button FunTests" */ = {
			isa = XCConfigurationList;
			buildConfigurations = (
				BD021233169E576D0025DE9F /* Debug */,
				BD021234169E576D0025DE9F /* Release */,
			);
			defaultConfigurationIsVisible = 0;
		};
/* End XCConfigurationList section */
	};
	rootObject = BD0211EA169E576D0025DE9F /* Project object */;
}
