// !$*UTF8*$!
{
	archiveVersion = 1;
	classes = {
	};
	objectVersion = 46;
	objects = {

/* Begin PBXBuildFile section */
		BD9AF11B168BB34000AF36A0 /* UIKit.framework in Frameworks */ = {isa = PBXBuildFile; fileRef = BD9AF11A168BB34000AF36A0 /* UIKit.framework */; };
		BD9AF11D168BB34000AF36A0 /* Foundation.framework in Frameworks */ = {isa = PBXBuildFile; fileRef = BD9AF11C168BB34000AF36A0 /* Foundation.framework */; };
		BD9AF11F168BB34000AF36A0 /* CoreGraphics.framework in Frameworks */ = {isa = PBXBuildFile; fileRef = BD9AF11E168BB34000AF36A0 /* CoreGraphics.framework */; };
		BD9AF125168BB34000AF36A0 /* InfoPlist.strings in Resources */ = {isa = PBXBuildFile; fileRef = BD9AF123168BB34000AF36A0 /* InfoPlist.strings */; };
		BD9AF127168BB34000AF36A0 /* main.m in Sources */ = {isa = PBXBuildFile; fileRef = BD9AF126168BB34000AF36A0 /* main.m */; };
		BD9AF12B168BB34000AF36A0 /* AppDelegate.m in Sources */ = {isa = PBXBuildFile; fileRef = BD9AF12A168BB34000AF36A0 /* AppDelegate.m */; };
		BD9AF12D168BB34000AF36A0 /* Default.png in Resources */ = {isa = PBXBuildFile; fileRef = BD9AF12C168BB34000AF36A0 /* Default.png */; };
		BD9AF12F168BB34000AF36A0 /* Default@2x.png in Resources */ = {isa = PBXBuildFile; fileRef = BD9AF12E168BB34000AF36A0 /* Default@2x.png */; };
		BD9AF131168BB34000AF36A0 /* Default-568h@2x.png in Resources */ = {isa = PBXBuildFile; fileRef = BD9AF130168BB34000AF36A0 /* Default-568h@2x.png */; };
		BD9AF134168BB34000AF36A0 /* MainStoryboard_iPhone.storyboard in Resources */ = {isa = PBXBuildFile; fileRef = BD9AF132168BB34000AF36A0 /* MainStoryboard_iPhone.storyboard */; };
		BD9AF137168BB34000AF36A0 /* MainStoryboard_iPad.storyboard in Resources */ = {isa = PBXBuildFile; fileRef = BD9AF135168BB34000AF36A0 /* MainStoryboard_iPad.storyboard */; };
		BD9AF13A168BB34000AF36A0 /* ViewController.m in Sources */ = {isa = PBXBuildFile; fileRef = BD9AF139168BB34000AF36A0 /* ViewController.m */; };
		BD9AF142168BB34100AF36A0 /* SenTestingKit.framework in Frameworks */ = {isa = PBXBuildFile; fileRef = BD9AF141168BB34100AF36A0 /* SenTestingKit.framework */; };
		BD9AF143168BB34100AF36A0 /* UIKit.framework in Frameworks */ = {isa = PBXBuildFile; fileRef = BD9AF11A168BB34000AF36A0 /* UIKit.framework */; };
		BD9AF144168BB34100AF36A0 /* Foundation.framework in Frameworks */ = {isa = PBXBuildFile; fileRef = BD9AF11C168BB34000AF36A0 /* Foundation.framework */; };
		BD9AF14C168BB34100AF36A0 /* InfoPlist.strings in Resources */ = {isa = PBXBuildFile; fileRef = BD9AF14A168BB34100AF36A0 /* InfoPlist.strings */; };
		BD9AF14F168BB34100AF36A0 /* QuizTests.m in Sources */ = {isa = PBXBuildFile; fileRef = BD9AF14E168BB34100AF36A0 /* QuizTests.m */; };
/* End PBXBuildFile section */

/* Begin PBXContainerItemProxy section */
		BD9AF145168BB34100AF36A0 /* PBXContainerItemProxy */ = {
			isa = PBXContainerItemProxy;
			containerPortal = BD9AF10D168BB34000AF36A0 /* Project object */;
			proxyType = 1;
			remoteGlobalIDString = BD9AF115168BB34000AF36A0;
			remoteInfo = Quiz;
		};
/* End PBXContainerItemProxy section */

/* Begin PBXFileReference section */
		BD9AF116168BB34000AF36A0 /* Quiz.app */ = {isa = PBXFileReference; explicitFileType = wrapper.application; includeInIndex = 0; path = Quiz.app; sourceTree = BUILT_PRODUCTS_DIR; };
		BD9AF11A168BB34000AF36A0 /* UIKit.framework */ = {isa = PBXFileReference; lastKnownFileType = wrapper.framework; name = UIKit.framework; path = System/Library/Frameworks/UIKit.framework; sourceTree = SDKROOT; };
		BD9AF11C168BB34000AF36A0 /* Foundation.framework */ = {isa = PBXFileReference; lastKnownFileType = wrapper.framework; name = Foundation.framework; path = System/Library/Frameworks/Foundation.framework; sourceTree = SDKROOT; };
		BD9AF11E168BB34000AF36A0 /* CoreGraphics.framework */ = {isa = PBXFileReference; lastKnownFileType = wrapper.framework; name = CoreGraphics.framework; path = System/Library/Frameworks/CoreGraphics.framework; sourceTree = SDKROOT; };
		BD9AF122168BB34000AF36A0 /* Quiz-Info.plist */ = {isa = PBXFileReference; lastKnownFileType = text.plist.xml; path = "Quiz-Info.plist"; sourceTree = "<group>"; };
		BD9AF124168BB34000AF36A0 /* en */ = {isa = PBXFileReference; lastKnownFileType = text.plist.strings; name = en; path = en.lproj/InfoPlist.strings; sourceTree = "<group>"; };
		BD9AF126168BB34000AF36A0 /* main.m */ = {isa = PBXFileReference; lastKnownFileType = sourcecode.c.objc; path = main.m; sourceTree = "<group>"; };
		BD9AF128168BB34000AF36A0 /* Quiz-Prefix.pch */ = {isa = PBXFileReference; lastKnownFileType = sourcecode.c.h; path = "Quiz-Prefix.pch"; sourceTree = "<group>"; };
		BD9AF129168BB34000AF36A0 /* AppDelegate.h */ = {isa = PBXFileReference; lastKnownFileType = sourcecode.c.h; path = AppDelegate.h; sourceTree = "<group>"; };
		BD9AF12A168BB34000AF36A0 /* AppDelegate.m */ = {isa = PBXFileReference; lastKnownFileType = sourcecode.c.objc; path = AppDelegate.m; sourceTree = "<group>"; };
		BD9AF12C168BB34000AF36A0 /* Default.png */ = {isa = PBXFileReference; lastKnownFileType = image.png; path = Default.png; sourceTree = "<group>"; };
		BD9AF12E168BB34000AF36A0 /* Default@2x.png */ = {isa = PBXFileReference; lastKnownFileType = image.png; path = "Default@2x.png"; sourceTree = "<group>"; };
		BD9AF130168BB34000AF36A0 /* Default-568h@2x.png */ = {isa = PBXFileReference; lastKnownFileType = image.png; path = "Default-568h@2x.png"; sourceTree = "<group>"; };
		BD9AF133168BB34000AF36A0 /* en */ = {isa = PBXFileReference; lastKnownFileType = file.storyboard; name = en; path = en.lproj/MainStoryboard_iPhone.storyboard; sourceTree = "<group>"; };
		BD9AF136168BB34000AF36A0 /* en */ = {isa = PBXFileReference; lastKnownFileType = file.storyboard; name = en; path = en.lproj/MainStoryboard_iPad.storyboard; sourceTree = "<group>"; };
		BD9AF138168BB34000AF36A0 /* ViewController.h */ = {isa = PBXFileReference; lastKnownFileType = sourcecode.c.h; path = ViewController.h; sourceTree = "<group>"; };
		BD9AF139168BB34000AF36A0 /* ViewController.m */ = {isa = PBXFileReference; lastKnownFileType = sourcecode.c.objc; path = ViewController.m; sourceTree = "<group>"; };
		BD9AF140168BB34100AF36A0 /* QuizTests.octest */ = {isa = PBXFileReference; explicitFileType = wrapper.cfbundle; includeInIndex = 0; path = QuizTests.octest; sourceTree = BUILT_PRODUCTS_DIR; };
		BD9AF141168BB34100AF36A0 /* SenTestingKit.framework */ = {isa = PBXFileReference; lastKnownFileType = wrapper.framework; name = SenTestingKit.framework; path = Library/Frameworks/SenTestingKit.framework; sourceTree = DEVELOPER_DIR; };
		BD9AF149168BB34100AF36A0 /* QuizTests-Info.plist */ = {isa = PBXFileReference; lastKnownFileType = text.plist.xml; path = "QuizTests-Info.plist"; sourceTree = "<group>"; };
		BD9AF14B168BB34100AF36A0 /* en */ = {isa = PBXFileReference; lastKnownFileType = text.plist.strings; name = en; path = en.lproj/InfoPlist.strings; sourceTree = "<group>"; };
		BD9AF14D168BB34100AF36A0 /* QuizTests.h */ = {isa = PBXFileReference; lastKnownFileType = sourcecode.c.h; path = QuizTests.h; sourceTree = "<group>"; };
		BD9AF14E168BB34100AF36A0 /* QuizTests.m */ = {isa = PBXFileReference; lastKnownFileType = sourcecode.c.objc; path = QuizTests.m; sourceTree = "<group>"; };
/* End PBXFileReference section */

/* Begin PBXFrameworksBuildPhase section */
		BD9AF113168BB34000AF36A0 /* Frameworks */ = {
			isa = PBXFrameworksBuildPhase;
			buildActionMask = 2147483647;
			files = (
				BD9AF11B168BB34000AF36A0 /* UIKit.framework in Frameworks */,
				BD9AF11D168BB34000AF36A0 /* Foundation.framework in Frameworks */,
				BD9AF11F168BB34000AF36A0 /* CoreGraphics.framework in Frameworks */,
			);
			runOnlyForDeploymentPostprocessing = 0;
		};
		BD9AF13C168BB34100AF36A0 /* Frameworks */ = {
			isa = PBXFrameworksBuildPhase;
			buildActionMask = 2147483647;
			files = (
				BD9AF142168BB34100AF36A0 /* SenTestingKit.framework in Frameworks */,
				BD9AF143168BB34100AF36A0 /* UIKit.framework in Frameworks */,
				BD9AF144168BB34100AF36A0 /* Foundation.framework in Frameworks */,
			);
			runOnlyForDeploymentPostprocessing = 0;
		};
/* End PBXFrameworksBuildPhase section */

/* Begin PBXGroup section */
		BD9AF10B168BB34000AF36A0 = {
			isa = PBXGroup;
			children = (
				BD9AF120168BB34000AF36A0 /* Quiz */,
				BD9AF147168BB34100AF36A0 /* QuizTests */,
				BD9AF119168BB34000AF36A0 /* Frameworks */,
				BD9AF117168BB34000AF36A0 /* Products */,
			);
			sourceTree = "<group>";
		};
		BD9AF117168BB34000AF36A0 /* Products */ = {
			isa = PBXGroup;
			children = (
				BD9AF116168BB34000AF36A0 /* Quiz.app */,
				BD9AF140168BB34100AF36A0 /* QuizTests.octest */,
			);
			name = Products;
			sourceTree = "<group>";
		};
		BD9AF119168BB34000AF36A0 /* Frameworks */ = {
			isa = PBXGroup;
			children = (
				BD9AF11A168BB34000AF36A0 /* UIKit.framework */,
				BD9AF11C168BB34000AF36A0 /* Foundation.framework */,
				BD9AF11E168BB34000AF36A0 /* CoreGraphics.framework */,
				BD9AF141168BB34100AF36A0 /* SenTestingKit.framework */,
			);
			name = Frameworks;
			sourceTree = "<group>";
		};
		BD9AF120168BB34000AF36A0 /* Quiz */ = {
			isa = PBXGroup;
			children = (
				BD9AF129168BB34000AF36A0 /* AppDelegate.h */,
				BD9AF12A168BB34000AF36A0 /* AppDelegate.m */,
				BD9AF132168BB34000AF36A0 /* MainStoryboard_iPhone.storyboard */,
				BD9AF135168BB34000AF36A0 /* MainStoryboard_iPad.storyboard */,
				BD9AF138168BB34000AF36A0 /* ViewController.h */,
				BD9AF139168BB34000AF36A0 /* ViewController.m */,
				BD9AF121168BB34000AF36A0 /* Supporting Files */,
			);
			path = Quiz;
			sourceTree = "<group>";
		};
		BD9AF121168BB34000AF36A0 /* Supporting Files */ = {
			isa = PBXGroup;
			children = (
				BD9AF122168BB34000AF36A0 /* Quiz-Info.plist */,
				BD9AF123168BB34000AF36A0 /* InfoPlist.strings */,
				BD9AF126168BB34000AF36A0 /* main.m */,
				BD9AF128168BB34000AF36A0 /* Quiz-Prefix.pch */,
				BD9AF12C168BB34000AF36A0 /* Default.png */,
				BD9AF12E168BB34000AF36A0 /* Default@2x.png */,
				BD9AF130168BB34000AF36A0 /* Default-568h@2x.png */,
			);
			name = "Supporting Files";
			sourceTree = "<group>";
		};
		BD9AF147168BB34100AF36A0 /* QuizTests */ = {
			isa = PBXGroup;
			children = (
				BD9AF14D168BB34100AF36A0 /* QuizTests.h */,
				BD9AF14E168BB34100AF36A0 /* QuizTests.m */,
				BD9AF148168BB34100AF36A0 /* Supporting Files */,
			);
			path = QuizTests;
			sourceTree = "<group>";
		};
		BD9AF148168BB34100AF36A0 /* Supporting Files */ = {
			isa = PBXGroup;
			children = (
				BD9AF149168BB34100AF36A0 /* QuizTests-Info.plist */,
				BD9AF14A168BB34100AF36A0 /* InfoPlist.strings */,
			);
			name = "Supporting Files";
			sourceTree = "<group>";
		};
/* End PBXGroup section */

/* Begin PBXNativeTarget section */
		BD9AF115168BB34000AF36A0 /* Quiz */ = {
			isa = PBXNativeTarget;
			buildConfigurationList = BD9AF152168BB34100AF36A0 /* Build configuration list for PBXNativeTarget "Quiz" */;
			buildPhases = (
				BD9AF112168BB34000AF36A0 /* Sources */,
				BD9AF113168BB34000AF36A0 /* Frameworks */,
				BD9AF114168BB34000AF36A0 /* Resources */,
			);
			buildRules = (
			);
			dependencies = (
			);
			name = Quiz;
			productName = Quiz;
			productReference = BD9AF116168BB34000AF36A0 /* Quiz.app */;
			productType = "com.apple.product-type.application";
		};
		BD9AF13F168BB34100AF36A0 /* QuizTests */ = {
			isa = PBXNativeTarget;
			buildConfigurationList = BD9AF155168BB34100AF36A0 /* Build configuration list for PBXNativeTarget "QuizTests" */;
			buildPhases = (
				BD9AF13B168BB34100AF36A0 /* Sources */,
				BD9AF13C168BB34100AF36A0 /* Frameworks */,
				BD9AF13D168BB34100AF36A0 /* Resources */,
				BD9AF13E168BB34100AF36A0 /* ShellScript */,
			);
			buildRules = (
			);
			dependencies = (
				BD9AF146168BB34100AF36A0 /* PBXTargetDependency */,
			);
			name = QuizTests;
			productName = QuizTests;
			productReference = BD9AF140168BB34100AF36A0 /* QuizTests.octest */;
			productType = "com.apple.product-type.bundle";
		};
/* End PBXNativeTarget section */

/* Begin PBXProject section */
		BD9AF10D168BB34000AF36A0 /* Project object */ = {
			isa = PBXProject;
			attributes = {
				LastUpgradeCheck = 0450;
				ORGANIZATIONNAME = "Anh Nguyen";
			};
			buildConfigurationList = BD9AF110168BB34000AF36A0 /* Build configuration list for PBXProject "Quiz" */;
			compatibilityVersion = "Xcode 3.2";
			developmentRegion = English;
			hasScannedForEncodings = 0;
			knownRegions = (
				en,
			);
			mainGroup = BD9AF10B168BB34000AF36A0;
			productRefGroup = BD9AF117168BB34000AF36A0 /* Products */;
			projectDirPath = "";
			projectRoot = "";
			targets = (
				BD9AF115168BB34000AF36A0 /* Quiz */,
				BD9AF13F168BB34100AF36A0 /* QuizTests */,
			);
		};
/* End PBXProject section */

/* Begin PBXResourcesBuildPhase section */
		BD9AF114168BB34000AF36A0 /* Resources */ = {
			isa = PBXResourcesBuildPhase;
			buildActionMask = 2147483647;
			files = (
				BD9AF125168BB34000AF36A0 /* InfoPlist.strings in Resources */,
				BD9AF12D168BB34000AF36A0 /* Default.png in Resources */,
				BD9AF12F168BB34000AF36A0 /* Default@2x.png in Resources */,
				BD9AF131168BB34000AF36A0 /* Default-568h@2x.png in Resources */,
				BD9AF134168BB34000AF36A0 /* MainStoryboard_iPhone.storyboard in Resources */,
				BD9AF137168BB34000AF36A0 /* MainStoryboard_iPad.storyboard in Resources */,
			);
			runOnlyForDeploymentPostprocessing = 0;
		};
		BD9AF13D168BB34100AF36A0 /* Resources */ = {
			isa = PBXResourcesBuildPhase;
			buildActionMask = 2147483647;
			files = (
				BD9AF14C168BB34100AF36A0 /* InfoPlist.strings in Resources */,
			);
			runOnlyForDeploymentPostprocessing = 0;
		};
/* End PBXResourcesBuildPhase section */

/* Begin PBXShellScriptBuildPhase section */
		BD9AF13E168BB34100AF36A0 /* ShellScript */ = {
			isa = PBXShellScriptBuildPhase;
			buildActionMask = 2147483647;
			files = (
			);
			inputPaths = (
			);
			outputPaths = (
			);
			runOnlyForDeploymentPostprocessing = 0;
			shellPath = /bin/sh;
			shellScript = "# Run the unit tests in this test bundle.\n\"${SYSTEM_DEVELOPER_DIR}/Tools/RunUnitTests\"\n";
		};
/* End PBXShellScriptBuildPhase section */

/* Begin PBXSourcesBuildPhase section */
		BD9AF112168BB34000AF36A0 /* Sources */ = {
			isa = PBXSourcesBuildPhase;
			buildActionMask = 2147483647;
			files = (
				BD9AF127168BB34000AF36A0 /* main.m in Sources */,
				BD9AF12B168BB34000AF36A0 /* AppDelegate.m in Sources */,
				BD9AF13A168BB34000AF36A0 /* ViewController.m in Sources */,
			);
			runOnlyForDeploymentPostprocessing = 0;
		};
		BD9AF13B168BB34100AF36A0 /* Sources */ = {
			isa = PBXSourcesBuildPhase;
			buildActionMask = 2147483647;
			files = (
				BD9AF14F168BB34100AF36A0 /* QuizTests.m in Sources */,
			);
			runOnlyForDeploymentPostprocessing = 0;
		};
/* End PBXSourcesBuildPhase section */

/* Begin PBXTargetDependency section */
		BD9AF146168BB34100AF36A0 /* PBXTargetDependency */ = {
			isa = PBXTargetDependency;
			target = BD9AF115168BB34000AF36A0 /* Quiz */;
			targetProxy = BD9AF145168BB34100AF36A0 /* PBXContainerItemProxy */;
		};
/* End PBXTargetDependency section */

/* Begin PBXVariantGroup section */
		BD9AF123168BB34000AF36A0 /* InfoPlist.strings */ = {
			isa = PBXVariantGroup;
			children = (
				BD9AF124168BB34000AF36A0 /* en */,
			);
			name = InfoPlist.strings;
			sourceTree = "<group>";
		};
		BD9AF132168BB34000AF36A0 /* MainStoryboard_iPhone.storyboard */ = {
			isa = PBXVariantGroup;
			children = (
				BD9AF133168BB34000AF36A0 /* en */,
			);
			name = MainStoryboard_iPhone.storyboard;
			sourceTree = "<group>";
		};
		BD9AF135168BB34000AF36A0 /* MainStoryboard_iPad.storyboard */ = {
			isa = PBXVariantGroup;
			children = (
				BD9AF136168BB34000AF36A0 /* en */,
			);
			name = MainStoryboard_iPad.storyboard;
			sourceTree = "<group>";
		};
		BD9AF14A168BB34100AF36A0 /* InfoPlist.strings */ = {
			isa = PBXVariantGroup;
			children = (
				BD9AF14B168BB34100AF36A0 /* en */,
			);
			name = InfoPlist.strings;
			sourceTree = "<group>";
		};
/* End PBXVariantGroup section */

/* Begin XCBuildConfiguration section */
		BD9AF150168BB34100AF36A0 /* Debug */ = {
			isa = XCBuildConfiguration;
			buildSettings = {
				ALWAYS_SEARCH_USER_PATHS = NO;
				CLANG_CXX_LANGUAGE_STANDARD = "gnu++0x";
				CLANG_CXX_LIBRARY = "libc++";
				CLANG_ENABLE_OBJC_ARC = YES;
				CLANG_WARN_EMPTY_BODY = YES;
				CLANG_WARN__DUPLICATE_METHOD_MATCH = YES;
				"CODE_SIGN_IDENTITY[sdk=iphoneos*]" = "iPhone Developer";
				COPY_PHASE_STRIP = NO;
				GCC_C_LANGUAGE_STANDARD = gnu99;
				GCC_DYNAMIC_NO_PIC = NO;
				GCC_OPTIMIZATION_LEVEL = 0;
				GCC_PREPROCESSOR_DEFINITIONS = (
					"DEBUG=1",
					"$(inherited)",
				);
				GCC_SYMBOLS_PRIVATE_EXTERN = NO;
				GCC_WARN_ABOUT_RETURN_TYPE = YES;
				GCC_WARN_UNINITIALIZED_AUTOS = YES;
				GCC_WARN_UNUSED_VARIABLE = YES;
				IPHONEOS_DEPLOYMENT_TARGET = 6.0;
				ONLY_ACTIVE_ARCH = YES;
				SDKROOT = iphoneos;
				TARGETED_DEVICE_FAMILY = "1,2";
			};
			name = Debug;
		};
		BD9AF151168BB34100AF36A0 /* Release */ = {
			isa = XCBuildConfiguration;
			buildSettings = {
				ALWAYS_SEARCH_USER_PATHS = NO;
				CLANG_CXX_LANGUAGE_STANDARD = "gnu++0x";
				CLANG_CXX_LIBRARY = "libc++";
				CLANG_ENABLE_OBJC_ARC = YES;
				CLANG_WARN_EMPTY_BODY = YES;
				CLANG_WARN__DUPLICATE_METHOD_MATCH = YES;
				"CODE_SIGN_IDENTITY[sdk=iphoneos*]" = "iPhone Developer";
				COPY_PHASE_STRIP = YES;
				GCC_C_LANGUAGE_STANDARD = gnu99;
				GCC_WARN_ABOUT_RETURN_TYPE = YES;
				GCC_WARN_UNINITIALIZED_AUTOS = YES;
				GCC_WARN_UNUSED_VARIABLE = YES;
				IPHONEOS_DEPLOYMENT_TARGET = 6.0;
				OTHER_CFLAGS = "-DNS_BLOCK_ASSERTIONS=1";
				SDKROOT = iphoneos;
				TARGETED_DEVICE_FAMILY = "1,2";
				VALIDATE_PRODUCT = YES;
			};
			name = Release;
		};
		BD9AF153168BB34100AF36A0 /* Debug */ = {
			isa = XCBuildConfiguration;
			buildSettings = {
				GCC_PRECOMPILE_PREFIX_HEADER = YES;
				GCC_PREFIX_HEADER = "Quiz/Quiz-Prefix.pch";
				INFOPLIST_FILE = "Quiz/Quiz-Info.plist";
				PRODUCT_NAME = "$(TARGET_NAME)";
				WRAPPER_EXTENSION = app;
			};
			name = Debug;
		};
		BD9AF154168BB34100AF36A0 /* Release */ = {
			isa = XCBuildConfiguration;
			buildSettings = {
				GCC_PRECOMPILE_PREFIX_HEADER = YES;
				GCC_PREFIX_HEADER = "Quiz/Quiz-Prefix.pch";
				INFOPLIST_FILE = "Quiz/Quiz-Info.plist";
				PRODUCT_NAME = "$(TARGET_NAME)";
				WRAPPER_EXTENSION = app;
			};
			name = Release;
		};
		BD9AF156168BB34100AF36A0 /* Debug */ = {
			isa = XCBuildConfiguration;
			buildSettings = {
				BUNDLE_LOADER = "$(BUILT_PRODUCTS_DIR)/Quiz.app/Quiz";
				FRAMEWORK_SEARCH_PATHS = (
					"\"$(SDKROOT)/Developer/Library/Frameworks\"",
					"\"$(DEVELOPER_LIBRARY_DIR)/Frameworks\"",
				);
				GCC_PRECOMPILE_PREFIX_HEADER = YES;
				GCC_PREFIX_HEADER = "Quiz/Quiz-Prefix.pch";
				INFOPLIST_FILE = "QuizTests/QuizTests-Info.plist";
				PRODUCT_NAME = "$(TARGET_NAME)";
				TEST_HOST = "$(BUNDLE_LOADER)";
				WRAPPER_EXTENSION = octest;
			};
			name = Debug;
		};
		BD9AF157168BB34100AF36A0 /* Release */ = {
			isa = XCBuildConfiguration;
			buildSettings = {
				BUNDLE_LOADER = "$(BUILT_PRODUCTS_DIR)/Quiz.app/Quiz";
				FRAMEWORK_SEARCH_PATHS = (
					"\"$(SDKROOT)/Developer/Library/Frameworks\"",
					"\"$(DEVELOPER_LIBRARY_DIR)/Frameworks\"",
				);
				GCC_PRECOMPILE_PREFIX_HEADER = YES;
				GCC_PREFIX_HEADER = "Quiz/Quiz-Prefix.pch";
				INFOPLIST_FILE = "QuizTests/QuizTests-Info.plist";
				PRODUCT_NAME = "$(TARGET_NAME)";
				TEST_HOST = "$(BUNDLE_LOADER)";
				WRAPPER_EXTENSION = octest;
			};
			name = Release;
		};
/* End XCBuildConfiguration section */

/* Begin XCConfigurationList section */
		BD9AF110168BB34000AF36A0 /* Build configuration list for PBXProject "Quiz" */ = {
			isa = XCConfigurationList;
			buildConfigurations = (
				BD9AF150168BB34100AF36A0 /* Debug */,
				BD9AF151168BB34100AF36A0 /* Release */,
			);
			defaultConfigurationIsVisible = 0;
			defaultConfigurationName = Release;
		};
		BD9AF152168BB34100AF36A0 /* Build configuration list for PBXNativeTarget "Quiz" */ = {
			isa = XCConfigurationList;
			buildConfigurations = (
				BD9AF153168BB34100AF36A0 /* Debug */,
				BD9AF154168BB34100AF36A0 /* Release */,
			);
			defaultConfigurationIsVisible = 0;
		};
		BD9AF155168BB34100AF36A0 /* Build configuration list for PBXNativeTarget "QuizTests" */ = {
			isa = XCConfigurationList;
			buildConfigurations = (
				BD9AF156168BB34100AF36A0 /* Debug */,
				BD9AF157168BB34100AF36A0 /* Release */,
			);
			defaultConfigurationIsVisible = 0;
		};
/* End XCConfigurationList section */
	};
	rootObject = BD9AF10D168BB34000AF36A0 /* Project object */;
}
