// !$*UTF8*$!
{
	archiveVersion = 1;
	classes = {
	};
	objectVersion = 46;
	objects = {

/* Begin PBXBuildFile section */
		BDF94E6D16C1557500EE93EE /* UIKit.framework in Frameworks */ = {isa = PBXBuildFile; fileRef = BDF94E6C16C1557500EE93EE /* UIKit.framework */; };
		BDF94E6F16C1557500EE93EE /* Foundation.framework in Frameworks */ = {isa = PBXBuildFile; fileRef = BDF94E6E16C1557500EE93EE /* Foundation.framework */; };
		BDF94E7116C1557500EE93EE /* CoreGraphics.framework in Frameworks */ = {isa = PBXBuildFile; fileRef = BDF94E7016C1557500EE93EE /* CoreGraphics.framework */; };
		BDF94E7316C1557500EE93EE /* CoreData.framework in Frameworks */ = {isa = PBXBuildFile; fileRef = BDF94E7216C1557500EE93EE /* CoreData.framework */; };
		BDF94E7916C1557500EE93EE /* InfoPlist.strings in Resources */ = {isa = PBXBuildFile; fileRef = BDF94E7716C1557500EE93EE /* InfoPlist.strings */; };
		BDF94E7B16C1557500EE93EE /* main.m in Sources */ = {isa = PBXBuildFile; fileRef = BDF94E7A16C1557500EE93EE /* main.m */; };
		BDF94E7F16C1557500EE93EE /* ANHAppDelegate.m in Sources */ = {isa = PBXBuildFile; fileRef = BDF94E7E16C1557500EE93EE /* ANHAppDelegate.m */; };
		BDF94E8116C1557500EE93EE /* Default.png in Resources */ = {isa = PBXBuildFile; fileRef = BDF94E8016C1557500EE93EE /* Default.png */; };
		BDF94E8316C1557500EE93EE /* Default@2x.png in Resources */ = {isa = PBXBuildFile; fileRef = BDF94E8216C1557500EE93EE /* Default@2x.png */; };
		BDF94E8516C1557500EE93EE /* Default-568h@2x.png in Resources */ = {isa = PBXBuildFile; fileRef = BDF94E8416C1557500EE93EE /* Default-568h@2x.png */; };
		BDF94E8816C1557500EE93EE /* View_Switcher.xcdatamodeld in Sources */ = {isa = PBXBuildFile; fileRef = BDF94E8616C1557500EE93EE /* View_Switcher.xcdatamodeld */; };
		BDF94E9016C1557500EE93EE /* SenTestingKit.framework in Frameworks */ = {isa = PBXBuildFile; fileRef = BDF94E8F16C1557500EE93EE /* SenTestingKit.framework */; };
		BDF94E9116C1557500EE93EE /* UIKit.framework in Frameworks */ = {isa = PBXBuildFile; fileRef = BDF94E6C16C1557500EE93EE /* UIKit.framework */; };
		BDF94E9216C1557500EE93EE /* Foundation.framework in Frameworks */ = {isa = PBXBuildFile; fileRef = BDF94E6E16C1557500EE93EE /* Foundation.framework */; };
		BDF94E9316C1557500EE93EE /* CoreData.framework in Frameworks */ = {isa = PBXBuildFile; fileRef = BDF94E7216C1557500EE93EE /* CoreData.framework */; };
		BDF94E9B16C1557500EE93EE /* InfoPlist.strings in Resources */ = {isa = PBXBuildFile; fileRef = BDF94E9916C1557500EE93EE /* InfoPlist.strings */; };
		BDF94E9E16C1557500EE93EE /* View_SwitcherTests.m in Sources */ = {isa = PBXBuildFile; fileRef = BDF94E9D16C1557500EE93EE /* View_SwitcherTests.m */; };
/* End PBXBuildFile section */

/* Begin PBXContainerItemProxy section */
		BDF94E9416C1557500EE93EE /* PBXContainerItemProxy */ = {
			isa = PBXContainerItemProxy;
			containerPortal = BDF94E6116C1557400EE93EE /* Project object */;
			proxyType = 1;
			remoteGlobalIDString = BDF94E6816C1557400EE93EE;
			remoteInfo = "View Switcher";
		};
/* End PBXContainerItemProxy section */

/* Begin PBXFileReference section */
		BDF94E6916C1557500EE93EE /* View Switcher.app */ = {isa = PBXFileReference; explicitFileType = wrapper.application; includeInIndex = 0; path = "View Switcher.app"; sourceTree = BUILT_PRODUCTS_DIR; };
		BDF94E6C16C1557500EE93EE /* UIKit.framework */ = {isa = PBXFileReference; lastKnownFileType = wrapper.framework; name = UIKit.framework; path = System/Library/Frameworks/UIKit.framework; sourceTree = SDKROOT; };
		BDF94E6E16C1557500EE93EE /* Foundation.framework */ = {isa = PBXFileReference; lastKnownFileType = wrapper.framework; name = Foundation.framework; path = System/Library/Frameworks/Foundation.framework; sourceTree = SDKROOT; };
		BDF94E7016C1557500EE93EE /* CoreGraphics.framework */ = {isa = PBXFileReference; lastKnownFileType = wrapper.framework; name = CoreGraphics.framework; path = System/Library/Frameworks/CoreGraphics.framework; sourceTree = SDKROOT; };
		BDF94E7216C1557500EE93EE /* CoreData.framework */ = {isa = PBXFileReference; lastKnownFileType = wrapper.framework; name = CoreData.framework; path = System/Library/Frameworks/CoreData.framework; sourceTree = SDKROOT; };
		BDF94E7616C1557500EE93EE /* View Switcher-Info.plist */ = {isa = PBXFileReference; lastKnownFileType = text.plist.xml; path = "View Switcher-Info.plist"; sourceTree = "<group>"; };
		BDF94E7816C1557500EE93EE /* en */ = {isa = PBXFileReference; lastKnownFileType = text.plist.strings; name = en; path = en.lproj/InfoPlist.strings; sourceTree = "<group>"; };
		BDF94E7A16C1557500EE93EE /* main.m */ = {isa = PBXFileReference; lastKnownFileType = sourcecode.c.objc; path = main.m; sourceTree = "<group>"; };
		BDF94E7C16C1557500EE93EE /* View Switcher-Prefix.pch */ = {isa = PBXFileReference; lastKnownFileType = sourcecode.c.h; path = "View Switcher-Prefix.pch"; sourceTree = "<group>"; };
		BDF94E7D16C1557500EE93EE /* ANHAppDelegate.h */ = {isa = PBXFileReference; lastKnownFileType = sourcecode.c.h; path = ANHAppDelegate.h; sourceTree = "<group>"; };
		BDF94E7E16C1557500EE93EE /* ANHAppDelegate.m */ = {isa = PBXFileReference; lastKnownFileType = sourcecode.c.objc; path = ANHAppDelegate.m; sourceTree = "<group>"; };
		BDF94E8016C1557500EE93EE /* Default.png */ = {isa = PBXFileReference; lastKnownFileType = image.png; path = Default.png; sourceTree = "<group>"; };
		BDF94E8216C1557500EE93EE /* Default@2x.png */ = {isa = PBXFileReference; lastKnownFileType = image.png; path = "Default@2x.png"; sourceTree = "<group>"; };
		BDF94E8416C1557500EE93EE /* Default-568h@2x.png */ = {isa = PBXFileReference; lastKnownFileType = image.png; path = "Default-568h@2x.png"; sourceTree = "<group>"; };
		BDF94E8716C1557500EE93EE /* View_Switcher.xcdatamodel */ = {isa = PBXFileReference; lastKnownFileType = wrapper.xcdatamodel; path = View_Switcher.xcdatamodel; sourceTree = "<group>"; };
		BDF94E8E16C1557500EE93EE /* View SwitcherTests.octest */ = {isa = PBXFileReference; explicitFileType = wrapper.cfbundle; includeInIndex = 0; path = "View SwitcherTests.octest"; sourceTree = BUILT_PRODUCTS_DIR; };
		BDF94E8F16C1557500EE93EE /* SenTestingKit.framework */ = {isa = PBXFileReference; lastKnownFileType = wrapper.framework; name = SenTestingKit.framework; path = Library/Frameworks/SenTestingKit.framework; sourceTree = DEVELOPER_DIR; };
		BDF94E9816C1557500EE93EE /* View SwitcherTests-Info.plist */ = {isa = PBXFileReference; lastKnownFileType = text.plist.xml; path = "View SwitcherTests-Info.plist"; sourceTree = "<group>"; };
		BDF94E9A16C1557500EE93EE /* en */ = {isa = PBXFileReference; lastKnownFileType = text.plist.strings; name = en; path = en.lproj/InfoPlist.strings; sourceTree = "<group>"; };
		BDF94E9C16C1557500EE93EE /* View_SwitcherTests.h */ = {isa = PBXFileReference; lastKnownFileType = sourcecode.c.h; path = View_SwitcherTests.h; sourceTree = "<group>"; };
		BDF94E9D16C1557500EE93EE /* View_SwitcherTests.m */ = {isa = PBXFileReference; lastKnownFileType = sourcecode.c.objc; path = View_SwitcherTests.m; sourceTree = "<group>"; };
/* End PBXFileReference section */

/* Begin PBXFrameworksBuildPhase section */
		BDF94E6616C1557400EE93EE /* Frameworks */ = {
			isa = PBXFrameworksBuildPhase;
			buildActionMask = 2147483647;
			files = (
				BDF94E6D16C1557500EE93EE /* UIKit.framework in Frameworks */,
				BDF94E6F16C1557500EE93EE /* Foundation.framework in Frameworks */,
				BDF94E7116C1557500EE93EE /* CoreGraphics.framework in Frameworks */,
				BDF94E7316C1557500EE93EE /* CoreData.framework in Frameworks */,
			);
			runOnlyForDeploymentPostprocessing = 0;
		};
		BDF94E8A16C1557500EE93EE /* Frameworks */ = {
			isa = PBXFrameworksBuildPhase;
			buildActionMask = 2147483647;
			files = (
				BDF94E9016C1557500EE93EE /* SenTestingKit.framework in Frameworks */,
				BDF94E9116C1557500EE93EE /* UIKit.framework in Frameworks */,
				BDF94E9216C1557500EE93EE /* Foundation.framework in Frameworks */,
				BDF94E9316C1557500EE93EE /* CoreData.framework in Frameworks */,
			);
			runOnlyForDeploymentPostprocessing = 0;
		};
/* End PBXFrameworksBuildPhase section */

/* Begin PBXGroup section */
		BDF94E6016C1557400EE93EE = {
			isa = PBXGroup;
			children = (
				BDF94E7416C1557500EE93EE /* View Switcher */,
				BDF94E9616C1557500EE93EE /* View SwitcherTests */,
				BDF94E6B16C1557500EE93EE /* Frameworks */,
				BDF94E6A16C1557500EE93EE /* Products */,
			);
			sourceTree = "<group>";
		};
		BDF94E6A16C1557500EE93EE /* Products */ = {
			isa = PBXGroup;
			children = (
				BDF94E6916C1557500EE93EE /* View Switcher.app */,
				BDF94E8E16C1557500EE93EE /* View SwitcherTests.octest */,
			);
			name = Products;
			sourceTree = "<group>";
		};
		BDF94E6B16C1557500EE93EE /* Frameworks */ = {
			isa = PBXGroup;
			children = (
				BDF94E6C16C1557500EE93EE /* UIKit.framework */,
				BDF94E6E16C1557500EE93EE /* Foundation.framework */,
				BDF94E7016C1557500EE93EE /* CoreGraphics.framework */,
				BDF94E7216C1557500EE93EE /* CoreData.framework */,
				BDF94E8F16C1557500EE93EE /* SenTestingKit.framework */,
			);
			name = Frameworks;
			sourceTree = "<group>";
		};
		BDF94E7416C1557500EE93EE /* View Switcher */ = {
			isa = PBXGroup;
			children = (
				BDF94E7D16C1557500EE93EE /* ANHAppDelegate.h */,
				BDF94E7E16C1557500EE93EE /* ANHAppDelegate.m */,
				BDF94E8616C1557500EE93EE /* View_Switcher.xcdatamodeld */,
				BDF94E7516C1557500EE93EE /* Supporting Files */,
			);
			path = "View Switcher";
			sourceTree = "<group>";
		};
		BDF94E7516C1557500EE93EE /* Supporting Files */ = {
			isa = PBXGroup;
			children = (
				BDF94E7616C1557500EE93EE /* View Switcher-Info.plist */,
				BDF94E7716C1557500EE93EE /* InfoPlist.strings */,
				BDF94E7A16C1557500EE93EE /* main.m */,
				BDF94E7C16C1557500EE93EE /* View Switcher-Prefix.pch */,
				BDF94E8016C1557500EE93EE /* Default.png */,
				BDF94E8216C1557500EE93EE /* Default@2x.png */,
				BDF94E8416C1557500EE93EE /* Default-568h@2x.png */,
			);
			name = "Supporting Files";
			sourceTree = "<group>";
		};
		BDF94E9616C1557500EE93EE /* View SwitcherTests */ = {
			isa = PBXGroup;
			children = (
				BDF94E9C16C1557500EE93EE /* View_SwitcherTests.h */,
				BDF94E9D16C1557500EE93EE /* View_SwitcherTests.m */,
				BDF94E9716C1557500EE93EE /* Supporting Files */,
			);
			path = "View SwitcherTests";
			sourceTree = "<group>";
		};
		BDF94E9716C1557500EE93EE /* Supporting Files */ = {
			isa = PBXGroup;
			children = (
				BDF94E9816C1557500EE93EE /* View SwitcherTests-Info.plist */,
				BDF94E9916C1557500EE93EE /* InfoPlist.strings */,
			);
			name = "Supporting Files";
			sourceTree = "<group>";
		};
/* End PBXGroup section */

/* Begin PBXNativeTarget section */
		BDF94E6816C1557400EE93EE /* View Switcher */ = {
			isa = PBXNativeTarget;
			buildConfigurationList = BDF94EA116C1557500EE93EE /* Build configuration list for PBXNativeTarget "View Switcher" */;
			buildPhases = (
				BDF94E6516C1557400EE93EE /* Sources */,
				BDF94E6616C1557400EE93EE /* Frameworks */,
				BDF94E6716C1557400EE93EE /* Resources */,
			);
			buildRules = (
			);
			dependencies = (
			);
			name = "View Switcher";
			productName = "View Switcher";
			productReference = BDF94E6916C1557500EE93EE /* View Switcher.app */;
			productType = "com.apple.product-type.application";
		};
		BDF94E8D16C1557500EE93EE /* View SwitcherTests */ = {
			isa = PBXNativeTarget;
			buildConfigurationList = BDF94EA416C1557500EE93EE /* Build configuration list for PBXNativeTarget "View SwitcherTests" */;
			buildPhases = (
				BDF94E8916C1557500EE93EE /* Sources */,
				BDF94E8A16C1557500EE93EE /* Frameworks */,
				BDF94E8B16C1557500EE93EE /* Resources */,
				BDF94E8C16C1557500EE93EE /* ShellScript */,
			);
			buildRules = (
			);
			dependencies = (
				BDF94E9516C1557500EE93EE /* PBXTargetDependency */,
			);
			name = "View SwitcherTests";
			productName = "View SwitcherTests";
			productReference = BDF94E8E16C1557500EE93EE /* View SwitcherTests.octest */;
			productType = "com.apple.product-type.bundle";
		};
/* End PBXNativeTarget section */

/* Begin PBXProject section */
		BDF94E6116C1557400EE93EE /* Project object */ = {
			isa = PBXProject;
			attributes = {
				CLASSPREFIX = ANH;
				LastUpgradeCheck = 0460;
				ORGANIZATIONNAME = "Anh Nguyen";
			};
			buildConfigurationList = BDF94E6416C1557400EE93EE /* Build configuration list for PBXProject "View Switcher" */;
			compatibilityVersion = "Xcode 3.2";
			developmentRegion = English;
			hasScannedForEncodings = 0;
			knownRegions = (
				en,
			);
			mainGroup = BDF94E6016C1557400EE93EE;
			productRefGroup = BDF94E6A16C1557500EE93EE /* Products */;
			projectDirPath = "";
			projectRoot = "";
			targets = (
				BDF94E6816C1557400EE93EE /* View Switcher */,
				BDF94E8D16C1557500EE93EE /* View SwitcherTests */,
			);
		};
/* End PBXProject section */

/* Begin PBXResourcesBuildPhase section */
		BDF94E6716C1557400EE93EE /* Resources */ = {
			isa = PBXResourcesBuildPhase;
			buildActionMask = 2147483647;
			files = (
				BDF94E7916C1557500EE93EE /* InfoPlist.strings in Resources */,
				BDF94E8116C1557500EE93EE /* Default.png in Resources */,
				BDF94E8316C1557500EE93EE /* Default@2x.png in Resources */,
				BDF94E8516C1557500EE93EE /* Default-568h@2x.png in Resources */,
			);
			runOnlyForDeploymentPostprocessing = 0;
		};
		BDF94E8B16C1557500EE93EE /* Resources */ = {
			isa = PBXResourcesBuildPhase;
			buildActionMask = 2147483647;
			files = (
				BDF94E9B16C1557500EE93EE /* InfoPlist.strings in Resources */,
			);
			runOnlyForDeploymentPostprocessing = 0;
		};
/* End PBXResourcesBuildPhase section */

/* Begin PBXShellScriptBuildPhase section */
		BDF94E8C16C1557500EE93EE /* ShellScript */ = {
			isa = PBXShellScriptBuildPhase;
			buildActionMask = 2147483647;
			files = (
			);
			inputPaths = (
			);
			outputPaths = (
			);
			runOnlyForDeploymentPostprocessing = 0;
			shellPath = /bin/sh;
			shellScript = "# Run the unit tests in this test bundle.\n\"${SYSTEM_DEVELOPER_DIR}/Tools/RunUnitTests\"\n";
		};
/* End PBXShellScriptBuildPhase section */

/* Begin PBXSourcesBuildPhase section */
		BDF94E6516C1557400EE93EE /* Sources */ = {
			isa = PBXSourcesBuildPhase;
			buildActionMask = 2147483647;
			files = (
				BDF94E7B16C1557500EE93EE /* main.m in Sources */,
				BDF94E7F16C1557500EE93EE /* ANHAppDelegate.m in Sources */,
				BDF94E8816C1557500EE93EE /* View_Switcher.xcdatamodeld in Sources */,
			);
			runOnlyForDeploymentPostprocessing = 0;
		};
		BDF94E8916C1557500EE93EE /* Sources */ = {
			isa = PBXSourcesBuildPhase;
			buildActionMask = 2147483647;
			files = (
				BDF94E9E16C1557500EE93EE /* View_SwitcherTests.m in Sources */,
			);
			runOnlyForDeploymentPostprocessing = 0;
		};
/* End PBXSourcesBuildPhase section */

/* Begin PBXTargetDependency section */
		BDF94E9516C1557500EE93EE /* PBXTargetDependency */ = {
			isa = PBXTargetDependency;
			target = BDF94E6816C1557400EE93EE /* View Switcher */;
			targetProxy = BDF94E9416C1557500EE93EE /* PBXContainerItemProxy */;
		};
/* End PBXTargetDependency section */

/* Begin PBXVariantGroup section */
		BDF94E7716C1557500EE93EE /* InfoPlist.strings */ = {
			isa = PBXVariantGroup;
			children = (
				BDF94E7816C1557500EE93EE /* en */,
			);
			name = InfoPlist.strings;
			sourceTree = "<group>";
		};
		BDF94E9916C1557500EE93EE /* InfoPlist.strings */ = {
			isa = PBXVariantGroup;
			children = (
				BDF94E9A16C1557500EE93EE /* en */,
			);
			name = InfoPlist.strings;
			sourceTree = "<group>";
		};
/* End PBXVariantGroup section */

/* Begin XCBuildConfiguration section */
		BDF94E9F16C1557500EE93EE /* Debug */ = {
			isa = XCBuildConfiguration;
			buildSettings = {
				ALWAYS_SEARCH_USER_PATHS = NO;
				CLANG_CXX_LANGUAGE_STANDARD = "gnu++0x";
				CLANG_CXX_LIBRARY = "libc++";
				CLANG_ENABLE_OBJC_ARC = YES;
				CLANG_WARN_CONSTANT_CONVERSION = YES;
				CLANG_WARN_EMPTY_BODY = YES;
				CLANG_WARN_ENUM_CONVERSION = YES;
				CLANG_WARN_INT_CONVERSION = YES;
				CLANG_WARN__DUPLICATE_METHOD_MATCH = YES;
				"CODE_SIGN_IDENTITY[sdk=iphoneos*]" = "iPhone Developer";
				COPY_PHASE_STRIP = NO;
				GCC_C_LANGUAGE_STANDARD = gnu99;
				GCC_DYNAMIC_NO_PIC = NO;
				GCC_OPTIMIZATION_LEVEL = 0;
				GCC_PREPROCESSOR_DEFINITIONS = (
					"DEBUG=1",
					"$(inherited)",
				);
				GCC_SYMBOLS_PRIVATE_EXTERN = NO;
				GCC_WARN_ABOUT_RETURN_TYPE = YES;
				GCC_WARN_UNINITIALIZED_AUTOS = YES;
				GCC_WARN_UNUSED_VARIABLE = YES;
				IPHONEOS_DEPLOYMENT_TARGET = 6.1;
				ONLY_ACTIVE_ARCH = YES;
				SDKROOT = iphoneos;
			};
			name = Debug;
		};
		BDF94EA016C1557500EE93EE /* Release */ = {
			isa = XCBuildConfiguration;
			buildSettings = {
				ALWAYS_SEARCH_USER_PATHS = NO;
				CLANG_CXX_LANGUAGE_STANDARD = "gnu++0x";
				CLANG_CXX_LIBRARY = "libc++";
				CLANG_ENABLE_OBJC_ARC = YES;
				CLANG_WARN_CONSTANT_CONVERSION = YES;
				CLANG_WARN_EMPTY_BODY = YES;
				CLANG_WARN_ENUM_CONVERSION = YES;
				CLANG_WARN_INT_CONVERSION = YES;
				CLANG_WARN__DUPLICATE_METHOD_MATCH = YES;
				"CODE_SIGN_IDENTITY[sdk=iphoneos*]" = "iPhone Developer";
				COPY_PHASE_STRIP = YES;
				GCC_C_LANGUAGE_STANDARD = gnu99;
				GCC_WARN_ABOUT_RETURN_TYPE = YES;
				GCC_WARN_UNINITIALIZED_AUTOS = YES;
				GCC_WARN_UNUSED_VARIABLE = YES;
				IPHONEOS_DEPLOYMENT_TARGET = 6.1;
				OTHER_CFLAGS = "-DNS_BLOCK_ASSERTIONS=1";
				SDKROOT = iphoneos;
				VALIDATE_PRODUCT = YES;
			};
			name = Release;
		};
		BDF94EA216C1557500EE93EE /* Debug */ = {
			isa = XCBuildConfiguration;
			buildSettings = {
				GCC_PRECOMPILE_PREFIX_HEADER = YES;
				GCC_PREFIX_HEADER = "View Switcher/View Switcher-Prefix.pch";
				INFOPLIST_FILE = "View Switcher/View Switcher-Info.plist";
				PRODUCT_NAME = "$(TARGET_NAME)";
				WRAPPER_EXTENSION = app;
			};
			name = Debug;
		};
		BDF94EA316C1557500EE93EE /* Release */ = {
			isa = XCBuildConfiguration;
			buildSettings = {
				GCC_PRECOMPILE_PREFIX_HEADER = YES;
				GCC_PREFIX_HEADER = "View Switcher/View Switcher-Prefix.pch";
				INFOPLIST_FILE = "View Switcher/View Switcher-Info.plist";
				PRODUCT_NAME = "$(TARGET_NAME)";
				WRAPPER_EXTENSION = app;
			};
			name = Release;
		};
		BDF94EA516C1557500EE93EE /* Debug */ = {
			isa = XCBuildConfiguration;
			buildSettings = {
				BUNDLE_LOADER = "$(BUILT_PRODUCTS_DIR)/View Switcher.app/View Switcher";
				FRAMEWORK_SEARCH_PATHS = (
					"\"$(SDKROOT)/Developer/Library/Frameworks\"",
					"\"$(DEVELOPER_LIBRARY_DIR)/Frameworks\"",
				);
				GCC_PRECOMPILE_PREFIX_HEADER = YES;
				GCC_PREFIX_HEADER = "View Switcher/View Switcher-Prefix.pch";
				INFOPLIST_FILE = "View SwitcherTests/View SwitcherTests-Info.plist";
				PRODUCT_NAME = "$(TARGET_NAME)";
				TEST_HOST = "$(BUNDLE_LOADER)";
				WRAPPER_EXTENSION = octest;
			};
			name = Debug;
		};
		BDF94EA616C1557500EE93EE /* Release */ = {
			isa = XCBuildConfiguration;
			buildSettings = {
				BUNDLE_LOADER = "$(BUILT_PRODUCTS_DIR)/View Switcher.app/View Switcher";
				FRAMEWORK_SEARCH_PATHS = (
					"\"$(SDKROOT)/Developer/Library/Frameworks\"",
					"\"$(DEVELOPER_LIBRARY_DIR)/Frameworks\"",
				);
				GCC_PRECOMPILE_PREFIX_HEADER = YES;
				GCC_PREFIX_HEADER = "View Switcher/View Switcher-Prefix.pch";
				INFOPLIST_FILE = "View SwitcherTests/View SwitcherTests-Info.plist";
				PRODUCT_NAME = "$(TARGET_NAME)";
				TEST_HOST = "$(BUNDLE_LOADER)";
				WRAPPER_EXTENSION = octest;
			};
			name = Release;
		};
/* End XCBuildConfiguration section */

/* Begin XCConfigurationList section */
		BDF94E6416C1557400EE93EE /* Build configuration list for PBXProject "View Switcher" */ = {
			isa = XCConfigurationList;
			buildConfigurations = (
				BDF94E9F16C1557500EE93EE /* Debug */,
				BDF94EA016C1557500EE93EE /* Release */,
			);
			defaultConfigurationIsVisible = 0;
			defaultConfigurationName = Release;
		};
		BDF94EA116C1557500EE93EE /* Build configuration list for PBXNativeTarget "View Switcher" */ = {
			isa = XCConfigurationList;
			buildConfigurations = (
				BDF94EA216C1557500EE93EE /* Debug */,
				BDF94EA316C1557500EE93EE /* Release */,
			);
			defaultConfigurationIsVisible = 0;
		};
		BDF94EA416C1557500EE93EE /* Build configuration list for PBXNativeTarget "View SwitcherTests" */ = {
			isa = XCConfigurationList;
			buildConfigurations = (
				BDF94EA516C1557500EE93EE /* Debug */,
				BDF94EA616C1557500EE93EE /* Release */,
			);
			defaultConfigurationIsVisible = 0;
		};
/* End XCConfigurationList section */

/* Begin XCVersionGroup section */
		BDF94E8616C1557500EE93EE /* View_Switcher.xcdatamodeld */ = {
			isa = XCVersionGroup;
			children = (
				BDF94E8716C1557500EE93EE /* View_Switcher.xcdatamodel */,
			);
			currentVersion = BDF94E8716C1557500EE93EE /* View_Switcher.xcdatamodel */;
			path = View_Switcher.xcdatamodeld;
			sourceTree = "<group>";
			versionGroupType = wrapper.xcdatamodel;
		};
/* End XCVersionGroup section */
	};
	rootObject = BDF94E6116C1557400EE93EE /* Project object */;
}
